// !$*UTF8*$!
{
	archiveVersion = 1;
	classes = {
	};
	objectVersion = 46;
	objects = {

/* Begin PBXBuildFile section */
		1718A27E1ACC6B740023806C /* AppDelegate.swift in Sources */ = {isa = PBXBuildFile; fileRef = 1718A27D1ACC6B740023806C /* AppDelegate.swift */; };
		1718A2801ACC6B740023806C /* MasterViewController.swift in Sources */ = {isa = PBXBuildFile; fileRef = 1718A27F1ACC6B740023806C /* MasterViewController.swift */; };
		1718A2821ACC6B740023806C /* DetailViewController.swift in Sources */ = {isa = PBXBuildFile; fileRef = 1718A2811ACC6B740023806C /* DetailViewController.swift */; };
		1718A2851ACC6B740023806C /* Main.storyboard in Resources */ = {isa = PBXBuildFile; fileRef = 1718A2831ACC6B740023806C /* Main.storyboard */; };
		1718A2871ACC6B740023806C /* Images.xcassets in Resources */ = {isa = PBXBuildFile; fileRef = 1718A2861ACC6B740023806C /* Images.xcassets */; };
		1718A28A1ACC6B740023806C /* LaunchScreen.xib in Resources */ = {isa = PBXBuildFile; fileRef = 1718A2881ACC6B740023806C /* LaunchScreen.xib */; };
		1718A2961ACC6B740023806C /* studular_iphoneTests.swift in Sources */ = {isa = PBXBuildFile; fileRef = 1718A2951ACC6B740023806C /* studular_iphoneTests.swift */; };
		1783A08B1AD44AAA00E0D84A /* StudularData.xcdatamodeld in Sources */ = {isa = PBXBuildFile; fileRef = 1783A0891AD44AAA00E0D84A /* StudularData.xcdatamodeld */; };
/* End PBXBuildFile section */

/* Begin PBXContainerItemProxy section */
		1718A2901ACC6B740023806C /* PBXContainerItemProxy */ = {
			isa = PBXContainerItemProxy;
			containerPortal = 1718A2701ACC6B740023806C /* Project object */;
			proxyType = 1;
			remoteGlobalIDString = 1718A2771ACC6B740023806C;
			remoteInfo = "studular-iphone";
		};
/* End PBXContainerItemProxy section */

/* Begin PBXFileReference section */
		1718A2781ACC6B740023806C /* studular-iphone.app */ = {isa = PBXFileReference; explicitFileType = wrapper.application; includeInIndex = 0; path = "studular-iphone.app"; sourceTree = BUILT_PRODUCTS_DIR; };
		1718A27C1ACC6B740023806C /* Info.plist */ = {isa = PBXFileReference; lastKnownFileType = text.plist.xml; path = Info.plist; sourceTree = "<group>"; };
		1718A27D1ACC6B740023806C /* AppDelegate.swift */ = {isa = PBXFileReference; lastKnownFileType = sourcecode.swift; path = AppDelegate.swift; sourceTree = "<group>"; };
		1718A27F1ACC6B740023806C /* MasterViewController.swift */ = {isa = PBXFileReference; lastKnownFileType = sourcecode.swift; path = MasterViewController.swift; sourceTree = "<group>"; };
		1718A2811ACC6B740023806C /* DetailViewController.swift */ = {isa = PBXFileReference; lastKnownFileType = sourcecode.swift; path = DetailViewController.swift; sourceTree = "<group>"; };
		1718A2841ACC6B740023806C /* Base */ = {isa = PBXFileReference; lastKnownFileType = file.storyboard; name = Base; path = Base.lproj/Main.storyboard; sourceTree = "<group>"; };
		1718A2861ACC6B740023806C /* Images.xcassets */ = {isa = PBXFileReference; lastKnownFileType = folder.assetcatalog; path = Images.xcassets; sourceTree = "<group>"; };
		1718A2891ACC6B740023806C /* Base */ = {isa = PBXFileReference; lastKnownFileType = file.xib; name = Base; path = Base.lproj/LaunchScreen.xib; sourceTree = "<group>"; };
		1718A28F1ACC6B740023806C /* studular-iphoneTests.xctest */ = {isa = PBXFileReference; explicitFileType = wrapper.cfbundle; includeInIndex = 0; path = "studular-iphoneTests.xctest"; sourceTree = BUILT_PRODUCTS_DIR; };
		1718A2941ACC6B740023806C /* Info.plist */ = {isa = PBXFileReference; lastKnownFileType = text.plist.xml; path = Info.plist; sourceTree = "<group>"; };
		1718A2951ACC6B740023806C /* studular_iphoneTests.swift */ = {isa = PBXFileReference; lastKnownFileType = sourcecode.swift; path = studular_iphoneTests.swift; sourceTree = "<group>"; };
		1783A08A1AD44AAA00E0D84A /* StudularData.xcdatamodel */ = {isa = PBXFileReference; lastKnownFileType = wrapper.xcdatamodel; path = StudularData.xcdatamodel; sourceTree = "<group>"; };
/* End PBXFileReference section */

/* Begin PBXFrameworksBuildPhase section */
		1718A2751ACC6B740023806C /* Frameworks */ = {
			isa = PBXFrameworksBuildPhase;
			buildActionMask = 2147483647;
			files = (
			);
			runOnlyForDeploymentPostprocessing = 0;
		};
		1718A28C1ACC6B740023806C /* Frameworks */ = {
			isa = PBXFrameworksBuildPhase;
			buildActionMask = 2147483647;
			files = (
			);
			runOnlyForDeploymentPostprocessing = 0;
		};
/* End PBXFrameworksBuildPhase section */

/* Begin PBXGroup section */
		1718A26F1ACC6B740023806C = {
			isa = PBXGroup;
			children = (
				1718A27A1ACC6B740023806C /* studular-iphone */,
				1718A2921ACC6B740023806C /* studular-iphoneTests */,
				1718A2791ACC6B740023806C /* Products */,
			);
			sourceTree = "<group>";
		};
		1718A2791ACC6B740023806C /* Products */ = {
			isa = PBXGroup;
			children = (
				1718A2781ACC6B740023806C /* studular-iphone.app */,
				1718A28F1ACC6B740023806C /* studular-iphoneTests.xctest */,
			);
			name = Products;
			sourceTree = "<group>";
		};
		1718A27A1ACC6B740023806C /* studular-iphone */ = {
			isa = PBXGroup;
			children = (
				1718A27D1ACC6B740023806C /* AppDelegate.swift */,
				1718A27F1ACC6B740023806C /* MasterViewController.swift */,
				1718A2811ACC6B740023806C /* DetailViewController.swift */,
				1718A2831ACC6B740023806C /* Main.storyboard */,
				1783A0891AD44AAA00E0D84A /* StudularData.xcdatamodeld */,
				1718A2861ACC6B740023806C /* Images.xcassets */,
				1718A2881ACC6B740023806C /* LaunchScreen.xib */,
				1718A27B1ACC6B740023806C /* Supporting Files */,
			);
			path = "studular-iphone";
			sourceTree = "<group>";
		};
		1718A27B1ACC6B740023806C /* Supporting Files */ = {
			isa = PBXGroup;
			children = (
				1718A27C1ACC6B740023806C /* Info.plist */,
			);
			name = "Supporting Files";
			sourceTree = "<group>";
		};
		1718A2921ACC6B740023806C /* studular-iphoneTests */ = {
			isa = PBXGroup;
			children = (
				1718A2951ACC6B740023806C /* studular_iphoneTests.swift */,
				1718A2931ACC6B740023806C /* Supporting Files */,
			);
			path = "studular-iphoneTests";
			sourceTree = "<group>";
		};
		1718A2931ACC6B740023806C /* Supporting Files */ = {
			isa = PBXGroup;
			children = (
				1718A2941ACC6B740023806C /* Info.plist */,
			);
			name = "Supporting Files";
			sourceTree = "<group>";
		};
/* End PBXGroup section */

/* Begin PBXNativeTarget section */
		1718A2771ACC6B740023806C /* studular-iphone */ = {
			isa = PBXNativeTarget;
			buildConfigurationList = 1718A2991ACC6B740023806C /* Build configuration list for PBXNativeTarget "studular-iphone" */;
			buildPhases = (
				1718A2741ACC6B740023806C /* Sources */,
				1718A2751ACC6B740023806C /* Frameworks */,
				1718A2761ACC6B740023806C /* Resources */,
			);
			buildRules = (
			);
			dependencies = (
			);
			name = "studular-iphone";
			productName = "studular-iphone";
			productReference = 1718A2781ACC6B740023806C /* studular-iphone.app */;
			productType = "com.apple.product-type.application";
		};
		1718A28E1ACC6B740023806C /* studular-iphoneTests */ = {
			isa = PBXNativeTarget;
			buildConfigurationList = 1718A29C1ACC6B740023806C /* Build configuration list for PBXNativeTarget "studular-iphoneTests" */;
			buildPhases = (
				1718A28B1ACC6B740023806C /* Sources */,
				1718A28C1ACC6B740023806C /* Frameworks */,
				1718A28D1ACC6B740023806C /* Resources */,
			);
			buildRules = (
			);
			dependencies = (
				1718A2911ACC6B740023806C /* PBXTargetDependency */,
			);
			name = "studular-iphoneTests";
			productName = "studular-iphoneTests";
			productReference = 1718A28F1ACC6B740023806C /* studular-iphoneTests.xctest */;
			productType = "com.apple.product-type.bundle.unit-test";
		};
/* End PBXNativeTarget section */

/* Begin PBXProject section */
		1718A2701ACC6B740023806C /* Project object */ = {
			isa = PBXProject;
			attributes = {
				LastUpgradeCheck = 0620;
				ORGANIZATIONNAME = "Buck Tower";
				TargetAttributes = {
					1718A2771ACC6B740023806C = {
						CreatedOnToolsVersion = 6.2;
					};
					1718A28E1ACC6B740023806C = {
						CreatedOnToolsVersion = 6.2;
						TestTargetID = 1718A2771ACC6B740023806C;
					};
				};
			};
			buildConfigurationList = 1718A2731ACC6B740023806C /* Build configuration list for PBXProject "studular-iphone" */;
			compatibilityVersion = "Xcode 3.2";
			developmentRegion = English;
			hasScannedForEncodings = 0;
			knownRegions = (
				en,
				Base,
			);
			mainGroup = 1718A26F1ACC6B740023806C;
			productRefGroup = 1718A2791ACC6B740023806C /* Products */;
			projectDirPath = "";
			projectRoot = "";
			targets = (
				1718A2771ACC6B740023806C /* studular-iphone */,
				1718A28E1ACC6B740023806C /* studular-iphoneTests */,
			);
		};
/* End PBXProject section */

/* Begin PBXResourcesBuildPhase section */
		1718A2761ACC6B740023806C /* Resources */ = {
			isa = PBXResourcesBuildPhase;
			buildActionMask = 2147483647;
			files = (
				1718A2851ACC6B740023806C /* Main.storyboard in Resources */,
				1718A28A1ACC6B740023806C /* LaunchScreen.xib in Resources */,
				1718A2871ACC6B740023806C /* Images.xcassets in Resources */,
			);
			runOnlyForDeploymentPostprocessing = 0;
		};
		1718A28D1ACC6B740023806C /* Resources */ = {
			isa = PBXResourcesBuildPhase;
			buildActionMask = 2147483647;
			files = (
			);
			runOnlyForDeploymentPostprocessing = 0;
		};
/* End PBXResourcesBuildPhase section */

/* Begin PBXSourcesBuildPhase section */
		1718A2741ACC6B740023806C /* Sources */ = {
			isa = PBXSourcesBuildPhase;
			buildActionMask = 2147483647;
			files = (
				1783A08B1AD44AAA00E0D84A /* StudularData.xcdatamodeld in Sources */,
				1718A2821ACC6B740023806C /* DetailViewController.swift in Sources */,
				1718A2801ACC6B740023806C /* MasterViewController.swift in Sources */,
				1718A27E1ACC6B740023806C /* AppDelegate.swift in Sources */,
			);
			runOnlyForDeploymentPostprocessing = 0;
		};
		1718A28B1ACC6B740023806C /* Sources */ = {
			isa = PBXSourcesBuildPhase;
			buildActionMask = 2147483647;
			files = (
				1718A2961ACC6B740023806C /* studular_iphoneTests.swift in Sources */,
			);
			runOnlyForDeploymentPostprocessing = 0;
		};
/* End PBXSourcesBuildPhase section */

/* Begin PBXTargetDependency section */
		1718A2911ACC6B740023806C /* PBXTargetDependency */ = {
			isa = PBXTargetDependency;
			target = 1718A2771ACC6B740023806C /* studular-iphone */;
			targetProxy = 1718A2901ACC6B740023806C /* PBXContainerItemProxy */;
		};
/* End PBXTargetDependency section */

/* Begin PBXVariantGroup section */
		1718A2831ACC6B740023806C /* Main.storyboard */ = {
			isa = PBXVariantGroup;
			children = (
				1718A2841ACC6B740023806C /* Base */,
			);
			name = Main.storyboard;
			sourceTree = "<group>";
		};
		1718A2881ACC6B740023806C /* LaunchScreen.xib */ = {
			isa = PBXVariantGroup;
			children = (
				1718A2891ACC6B740023806C /* Base */,
			);
			name = LaunchScreen.xib;
			sourceTree = "<group>";
		};
/* End PBXVariantGroup section */

/* Begin XCBuildConfiguration section */
		1718A2971ACC6B740023806C /* Debug */ = {
			isa = XCBuildConfiguration;
			buildSettings = {
				ALWAYS_SEARCH_USER_PATHS = NO;
				CLANG_CXX_LANGUAGE_STANDARD = "gnu++0x";
				CLANG_CXX_LIBRARY = "libc++";
				CLANG_ENABLE_MODULES = YES;
				CLANG_ENABLE_OBJC_ARC = YES;
				CLANG_WARN_BOOL_CONVERSION = YES;
				CLANG_WARN_CONSTANT_CONVERSION = YES;
				CLANG_WARN_DIRECT_OBJC_ISA_USAGE = YES_ERROR;
				CLANG_WARN_EMPTY_BODY = YES;
				CLANG_WARN_ENUM_CONVERSION = YES;
				CLANG_WARN_INT_CONVERSION = YES;
				CLANG_WARN_OBJC_ROOT_CLASS = YES_ERROR;
				CLANG_WARN_UNREACHABLE_CODE = YES;
				CLANG_WARN__DUPLICATE_METHOD_MATCH = YES;
				"CODE_SIGN_IDENTITY[sdk=iphoneos*]" = "iPhone Developer";
				COPY_PHASE_STRIP = NO;
				ENABLE_STRICT_OBJC_MSGSEND = YES;
				GCC_C_LANGUAGE_STANDARD = gnu99;
				GCC_DYNAMIC_NO_PIC = NO;
				GCC_OPTIMIZATION_LEVEL = 0;
				GCC_PREPROCESSOR_DEFINITIONS = (
					"DEBUG=1",
					"$(inherited)",
				);
				GCC_SYMBOLS_PRIVATE_EXTERN = NO;
				GCC_WARN_64_TO_32_BIT_CONVERSION = YES;
				GCC_WARN_ABOUT_RETURN_TYPE = YES_ERROR;
				GCC_WARN_UNDECLARED_SELECTOR = YES;
				GCC_WARN_UNINITIALIZED_AUTOS = YES_AGGRESSIVE;
				GCC_WARN_UNUSED_FUNCTION = YES;
				GCC_WARN_UNUSED_VARIABLE = YES;
				IPHONEOS_DEPLOYMENT_TARGET = 8.2;
				MTL_ENABLE_DEBUG_INFO = YES;
				ONLY_ACTIVE_ARCH = YES;
				SDKROOT = iphoneos;
				SWIFT_OPTIMIZATION_LEVEL = "-Onone";
				TARGETED_DEVICE_FAMILY = "1,2";
			};
			name = Debug;
		};
		1718A2981ACC6B740023806C /* Release */ = {
			isa = XCBuildConfiguration;
			buildSettings = {
				ALWAYS_SEARCH_USER_PATHS = NO;
				CLANG_CXX_LANGUAGE_STANDARD = "gnu++0x";
				CLANG_CXX_LIBRARY = "libc++";
				CLANG_ENABLE_MODULES = YES;
				CLANG_ENABLE_OBJC_ARC = YES;
				CLANG_WARN_BOOL_CONVERSION = YES;
				CLANG_WARN_CONSTANT_CONVERSION = YES;
				CLANG_WARN_DIRECT_OBJC_ISA_USAGE = YES_ERROR;
				CLANG_WARN_EMPTY_BODY = YES;
				CLANG_WARN_ENUM_CONVERSION = YES;
				CLANG_WARN_INT_CONVERSION = YES;
				CLANG_WARN_OBJC_ROOT_CLASS = YES_ERROR;
				CLANG_WARN_UNREACHABLE_CODE = YES;
				CLANG_WARN__DUPLICATE_METHOD_MATCH = YES;
				"CODE_SIGN_IDENTITY[sdk=iphoneos*]" = "iPhone Developer";
				COPY_PHASE_STRIP = NO;
				ENABLE_NS_ASSERTIONS = NO;
				ENABLE_STRICT_OBJC_MSGSEND = YES;
				GCC_C_LANGUAGE_STANDARD = gnu99;
				GCC_WARN_64_TO_32_BIT_CONVERSION = YES;
				GCC_WARN_ABOUT_RETURN_TYPE = YES_ERROR;
				GCC_WARN_UNDECLARED_SELECTOR = YES;
				GCC_WARN_UNINITIALIZED_AUTOS = YES_AGGRESSIVE;
				GCC_WARN_UNUSED_FUNCTION = YES;
				GCC_WARN_UNUSED_VARIABLE = YES;
				IPHONEOS_DEPLOYMENT_TARGET = 8.2;
				MTL_ENABLE_DEBUG_INFO = NO;
				SDKROOT = iphoneos;
				TARGETED_DEVICE_FAMILY = "1,2";
				VALIDATE_PRODUCT = YES;
			};
			name = Release;
		};
		1718A29A1ACC6B740023806C /* Debug */ = {
			isa = XCBuildConfiguration;
			buildSettings = {
				ASSETCATALOG_COMPILER_APPICON_NAME = AppIcon;
				INFOPLIST_FILE = "studular-iphone/Info.plist";
				LD_RUNPATH_SEARCH_PATHS = "$(inherited) @executable_path/Frameworks";
				PRODUCT_NAME = "$(TARGET_NAME)";
			};
			name = Debug;
		};
		1718A29B1ACC6B740023806C /* Release */ = {
			isa = XCBuildConfiguration;
			buildSettings = {
				ASSETCATALOG_COMPILER_APPICON_NAME = AppIcon;
				INFOPLIST_FILE = "studular-iphone/Info.plist";
				LD_RUNPATH_SEARCH_PATHS = "$(inherited) @executable_path/Frameworks";
				PRODUCT_NAME = "$(TARGET_NAME)";
			};
			name = Release;
		};
		1718A29D1ACC6B740023806C /* Debug */ = {
			isa = XCBuildConfiguration;
			buildSettings = {
				BUNDLE_LOADER = "$(TEST_HOST)";
				FRAMEWORK_SEARCH_PATHS = (
					"$(SDKROOT)/Developer/Library/Frameworks",
					"$(inherited)",
				);
				GCC_PREPROCESSOR_DEFINITIONS = (
					"DEBUG=1",
					"$(inherited)",
				);
				INFOPLIST_FILE = "studular-iphoneTests/Info.plist";
				LD_RUNPATH_SEARCH_PATHS = "$(inherited) @executable_path/Frameworks @loader_path/Frameworks";
				PRODUCT_NAME = "$(TARGET_NAME)";
				TEST_HOST = "$(BUILT_PRODUCTS_DIR)/studular-iphone.app/studular-iphone";
			};
			name = Debug;
		};
		1718A29E1ACC6B740023806C /* Release */ = {
			isa = XCBuildConfiguration;
			buildSettings = {
				BUNDLE_LOADER = "$(TEST_HOST)";
				FRAMEWORK_SEARCH_PATHS = (
					"$(SDKROOT)/Developer/Library/Frameworks",
					"$(inherited)",
				);
				INFOPLIST_FILE = "studular-iphoneTests/Info.plist";
				LD_RUNPATH_SEARCH_PATHS = "$(inherited) @executable_path/Frameworks @loader_path/Frameworks";
				PRODUCT_NAME = "$(TARGET_NAME)";
				TEST_HOST = "$(BUILT_PRODUCTS_DIR)/studular-iphone.app/studular-iphone";
			};
			name = Release;
		};
/* End XCBuildConfiguration section */

/* Begin XCConfigurationList section */
		1718A2731ACC6B740023806C /* Build configuration list for PBXProject "studular-iphone" */ = {
			isa = XCConfigurationList;
			buildConfigurations = (
				1718A2971ACC6B740023806C /* Debug */,
				1718A2981ACC6B740023806C /* Release */,
			);
			defaultConfigurationIsVisible = 0;
			defaultConfigurationName = Release;
		};
		1718A2991ACC6B740023806C /* Build configuration list for PBXNativeTarget "studular-iphone" */ = {
			isa = XCConfigurationList;
			buildConfigurations = (
				1718A29A1ACC6B740023806C /* Debug */,
				1718A29B1ACC6B740023806C /* Release */,
			);
			defaultConfigurationIsVisible = 0;
			defaultConfigurationName = Release;
		};
		1718A29C1ACC6B740023806C /* Build configuration list for PBXNativeTarget "studular-iphoneTests" */ = {
			isa = XCConfigurationList;
			buildConfigurations = (
				1718A29D1ACC6B740023806C /* Debug */,
				1718A29E1ACC6B740023806C /* Release */,
			);
			defaultConfigurationIsVisible = 0;
			defaultConfigurationName = Release;
		};
/* End XCConfigurationList section */

/* Begin XCVersionGroup section */
		1783A0891AD44AAA00E0D84A /* StudularData.xcdatamodeld */ = {
			isa = XCVersionGroup;
			children = (
				1783A08A1AD44AAA00E0D84A /* StudularData.xcdatamodel */,
			);
			currentVersion = 1783A08A1AD44AAA00E0D84A /* StudularData.xcdatamodel */;
			path = StudularData.xcdatamodeld;
			sourceTree = "<group>";
			versionGroupType = wrapper.xcdatamodel;
		};
/* End XCVersionGroup section */
	};
	rootObject = 1718A2701ACC6B740023806C /* Project object */;
}
